{
  "nodes": {
    "agenix": {
      "inputs": {
        "nixpkgs": [
          "nixpkgs"
        ]
      },
      "locked": {
        "lastModified": 1664140963,
        "narHash": "sha256-pFxDtOLduRFlol0Y4ShE+soRQX4kbhaCNBtDOvx7ykw=",
        "owner": "ryantm",
        "repo": "agenix",
        "rev": "6acb1fe5f8597d5ce63fc82bc7fcac7774b1cdf0",
        "type": "github"
      },
      "original": {
        "owner": "ryantm",
        "repo": "agenix",
        "type": "github"
      }
    },
    "base16-schemes": {
      "flake": false,
      "locked": {
        "lastModified": 1654895891,
        "narHash": "sha256-xYYmZkHnyLCUBAkqkZ7v1Lc5m39857MukQLMRtGuvdk=",
        "owner": "base16-project",
        "repo": "base16-schemes",
        "rev": "7c247f734eac7f04518c6e28d098635ee8dcabf5",
        "type": "github"
      },
      "original": {
        "owner": "base16-project",
        "repo": "base16-schemes",
        "type": "github"
      }
    },
    "discocss": {
      "inputs": {
        "flake-utils": "flake-utils",
        "nixpkgs": [
          "nixpkgs"
        ]
      },
      "locked": {
        "lastModified": 1657396312,
        "narHash": "sha256-kaRGVoiJJOAAvqlO++1yNexJHCBtCK3ROkAtAAZKt2s=",
        "owner": "mlvzk",
        "repo": "discocss",
        "rev": "aa71249beed302d4b99bfaa16cda3e0929181f5f",
        "type": "github"
      },
      "original": {
        "owner": "mlvzk",
        "ref": "flake",
        "repo": "discocss",
        "type": "github"
      }
    },
    "flake-compat": {
      "flake": false,
      "locked": {
        "lastModified": 1650374568,
        "narHash": "sha256-Z+s0J8/r907g149rllvwhb4pKi8Wam5ij0st8PwAh+E=",
        "owner": "edolstra",
        "repo": "flake-compat",
        "rev": "b4a34015c698c7793d592d66adbab377907a2be8",
        "type": "github"
      },
      "original": {
        "owner": "edolstra",
        "repo": "flake-compat",
        "type": "github"
      }
    },
    "flake-utils": {
      "locked": {
        "lastModified": 1619345332,
        "narHash": "sha256-qHnQkEp1uklKTpx3MvKtY6xzgcqXDsz5nLilbbuL+3A=",
        "owner": "numtide",
        "repo": "flake-utils",
        "rev": "2ebf2558e5bf978c7fb8ea927dfaed8fefab2e28",
        "type": "github"
      },
      "original": {
        "owner": "numtide",
        "repo": "flake-utils",
        "type": "github"
      }
    },
    "flake-utils_2": {
      "locked": {
        "lastModified": 1659877975,
        "narHash": "sha256-zllb8aq3YO3h8B/U0/J1WBgAL8EX5yWf5pMj3G0NAmc=",
        "owner": "numtide",
        "repo": "flake-utils",
        "rev": "c0e246b9b83f637f4681389ecabcb2681b4f3af0",
        "type": "github"
      },
      "original": {
        "owner": "numtide",
        "repo": "flake-utils",
        "type": "github"
      }
    },
    "flake-utils_3": {
      "locked": {
        "lastModified": 1659877975,
        "narHash": "sha256-zllb8aq3YO3h8B/U0/J1WBgAL8EX5yWf5pMj3G0NAmc=",
        "owner": "numtide",
        "repo": "flake-utils",
        "rev": "c0e246b9b83f637f4681389ecabcb2681b4f3af0",
        "type": "github"
      },
      "original": {
        "owner": "numtide",
        "repo": "flake-utils",
        "type": "github"
      }
    },
    "home-manager": {
      "inputs": {
        "nixpkgs": [
          "nixpkgs"
        ],
        "utils": "utils"
      },
      "locked": {
        "lastModified": 1664573442,
        "narHash": "sha256-AovlSIuJfMf8n9QLNUVtsCul+NVHIoen7APH2fLls3k=",
        "owner": "nix-community",
        "repo": "home-manager",
        "rev": "a7f0cc2d7b271b4a5df9b9e351d556c172f7e903",
        "type": "github"
      },
      "original": {
        "owner": "nix-community",
        "repo": "home-manager",
        "type": "github"
      }
    },
    "neovim-flake": {
      "inputs": {
        "flake-utils": "flake-utils_2",
        "nixpkgs": [
          "neovim-nightly",
          "nixpkgs"
        ]
      },
      "locked": {
        "dir": "contrib",
        "lastModified": 1664560674,
        "narHash": "sha256-l80zOhNZer0sj+HtFCDMFmVSSDQ8Wwh/ad66I58MB98=",
        "owner": "neovim",
        "repo": "neovim",
        "rev": "afb7efb3733962649f3c0897a25dc5fff60a66c6",
        "type": "github"
      },
      "original": {
        "dir": "contrib",
        "owner": "neovim",
        "repo": "neovim",
        "type": "github"
      }
    },
    "neovim-nightly": {
      "inputs": {
        "flake-compat": "flake-compat",
        "neovim-flake": "neovim-flake",
        "nixpkgs": "nixpkgs"
      },
      "locked": {
        "lastModified": 1664612391,
        "narHash": "sha256-JE/ixF+VZ+ygZ6ArYezXSbITOyYOMpUexA4YcvGWdu0=",
        "owner": "nix-community",
        "repo": "neovim-nightly-overlay",
        "rev": "58cee99580df5bcd2776176a3b873cad735a38b0",
        "type": "github"
      },
      "original": {
        "owner": "nix-community",
        "repo": "neovim-nightly-overlay",
        "type": "github"
      }
    },
    "nil": {
      "inputs": {
        "flake-utils": "flake-utils_3",
        "nixpkgs": [
          "nixpkgs"
        ],
        "rust-overlay": "rust-overlay"
      },
      "locked": {
        "lastModified": 1664360253,
        "narHash": "sha256-QXXzd6SYgpuFGcr6D8gtALC2V23kPIT4IkSM0eU6MJI=",
        "owner": "oxalica",
        "repo": "nil",
        "rev": "d2a22b8460279a001bf070bcd6da660bda9c8bd7",
        "type": "github"
      },
      "original": {
        "owner": "oxalica",
        "repo": "nil",
        "type": "github"
      }
    },
    "nix-colors": {
      "inputs": {
        "base16-schemes": "base16-schemes",
        "nixpkgs-lib": "nixpkgs-lib"
      },
      "locked": {
        "lastModified": 1664216202,
        "narHash": "sha256-7qXPLkgsXpi2nmxGN14DVZWMFw4QIx7foqEN6GXeTj8=",
        "owner": "misterio77",
        "repo": "nix-colors",
        "rev": "bb56fe29c3e16029a783b7a85354fc14098f2560",
        "type": "github"
      },
      "original": {
        "owner": "misterio77",
        "repo": "nix-colors",
        "type": "github"
      }
    },
    "nixinate": {
      "inputs": {
        "nixpkgs": [
          "nixpkgs"
        ]
      },
      "locked": {
        "lastModified": 1664206072,
        "narHash": "sha256-VPKsLlfSfsJ4GsvtrcFdXiR5VUcsl1jFyKSxB4qvcf8=",
        "owner": "MatthewCroughan",
        "repo": "nixinate",
        "rev": "efa632418053bbbaf5b8cf8215c14b699830e3e1",
        "type": "github"
      },
      "original": {
        "owner": "MatthewCroughan",
        "repo": "nixinate",
        "type": "github"
      }
    },
    "nixpkgs": {
      "locked": {
        "lastModified": 1664497144,
        "narHash": "sha256-oLTtXSp95umHunc+uFyGxUiZCXQlGFjXMz+w95hGZi4=",
        "owner": "nixos",
        "repo": "nixpkgs",
        "rev": "671fabc93b4d1a3b38499c7b20776477c91b2b15",
        "type": "github"
      },
      "original": {
        "owner": "nixos",
        "ref": "nixpkgs-unstable",
        "repo": "nixpkgs",
        "type": "github"
      }
    },
    "nixpkgs-lib": {
      "locked": {
        "lastModified": 1655599917,
        "narHash": "sha256-kjZbt5WdTrnjMxL79okg9TCoRUdADG50x/TWozbyTsE=",
        "owner": "nix-community",
        "repo": "nixpkgs.lib",
        "rev": "5fb55578aa2f1a502d636a8ac71aece57cb730bb",
        "type": "github"
      },
      "original": {
        "owner": "nix-community",
        "repo": "nixpkgs.lib",
        "type": "github"
      }
    },
    "nixpkgs_2": {
      "locked": {
        "lastModified": 1664538465,
        "narHash": "sha256-EnlC7dDKX7X1wlnXkB1gmn9rBZQ0J9+biVTZHw//8us=",
        "owner": "NixOS",
        "repo": "nixpkgs",
        "rev": "10ecda252ce1b3b1d6403caeadbcc8f30d5ab796",
        "type": "github"
      },
      "original": {
        "owner": "NixOS",
        "ref": "nixos-unstable",
        "repo": "nixpkgs",
        "type": "github"
      }
    },
    "nur": {
      "locked": {
        "lastModified": 1664648742,
        "narHash": "sha256-srioqYkuLSgEbxKJ23KUEclGF3Cs8lKMXGQE7wYVN2g=",
        "owner": "nix-community",
        "repo": "NUR",
        "rev": "3b59d61a88df487f4365f907723937d8770a1e27",
        "type": "github"
      },
      "original": {
        "owner": "nix-community",
        "repo": "NUR",
        "type": "github"
      }
    },
    "root": {
      "inputs": {
        "agenix": "agenix",
        "discocss": "discocss",
        "home-manager": "home-manager",
        "neovim-nightly": "neovim-nightly",
        "nil": "nil",
        "nix-colors": "nix-colors",
        "nixinate": "nixinate",
        "nixpkgs": "nixpkgs_2",
        "nur": "nur"
      }
    },
    "rust-overlay": {
      "inputs": {
        "flake-utils": [
          "nil",
          "flake-utils"
        ],
        "nixpkgs": [
          "nil",
          "nixpkgs"
        ]
      },
      "locked": {
        "lastModified": 1663815552,
        "narHash": "sha256-J4j/d69SGKx1qripBCINe7T3SUtMM1sdj5PoHRThV5Q=",
        "owner": "oxalica",
        "repo": "rust-overlay",
        "rev": "f45f856ae5a9fe2c48d756fa17bb9c5b3b8070c5",
        "type": "github"
      },
      "original": {
        "owner": "oxalica",
        "repo": "rust-overlay",
        "type": "github"
      }
    },
    "utils": {
      "locked": {
        "lastModified": 1659877975,
        "narHash": "sha256-zllb8aq3YO3h8B/U0/J1WBgAL8EX5yWf5pMj3G0NAmc=",
        "owner": "numtide",
        "repo": "flake-utils",
        "rev": "c0e246b9b83f637f4681389ecabcb2681b4f3af0",
        "type": "github"
      },
      "original": {
        "owner": "numtide",
        "repo": "flake-utils",
        "type": "github"
      }
    }
  },
  "root": "root",
  "version": 7
}
